
Microsoft Visual Studio Solution File, Format Version 12.00
# Visual Studio Version 17
VisualStudioVersion = 17.8.34525.116
MinimumVisualStudioVersion = 10.0.40219.1
Project("{FAE04EC0-301F-11D3-BF4B-00C04F79EFBC}") = "MvcMovie", "MvcMovie\MvcMovie.csproj", "{6B6A59A4-4CA0-465F-A505-336ABEF63532}"
EndProject
Global
	GlobalSection(SolutionConfigurationPlatforms) = preSolution
		Debug|Any CPU = Debug|Any CPU
		Release|Any CPU = Release|Any CPU
	EndGlobalSection
	GlobalSection(ProjectConfigurationPlatforms) = postSolution
		{6B6A59A4-4CA0-465F-A505-336ABEF63532}.Debug|Any CPU.ActiveCfg = Debug|Any CPU
		{6B6A59A4-4CA0-465F-A505-336ABEF63532}.Debug|Any CPU.Build.0 = Debug|Any CPU
		{6B6A59A4-4CA0-465F-A505-336ABEF63532}.Release|Any CPU.ActiveCfg = Release|Any CPU
		{6B6A59A4-4CA0-465F-A505-336ABEF63532}.Release|Any CPU.Build.0 = Release|Any CPU
	EndGlobalSection
	GlobalSection(SolutionProperties) = preSolution
		HideSolutionNode = FALSE
	EndGlobalSection
	GlobalSection(ExtensibilityGlobals) = postSolution
		SolutionGuid = {ADDAE4DF-9859-45CE-8B05-EE0B989FBAA1}
	EndGlobalSection
EndGlobal
