
Microsoft Visual Studio Solution File, Format Version 12.00
# Visual Studio Version 17
VisualStudioVersion = 17.8.34525.116
MinimumVisualStudioVersion = 10.0.40219.1
Project("{9A19103F-16F7-4668-BE54-9A1E7A4F7556}") = "FitKitWebApp", "FitKitWebApp\FitKitWebApp.csproj", "{64B968DA-8A93-478D-A195-98081F52C297}"
EndProject
Project("{9A19103F-16F7-4668-BE54-9A1E7A4F7556}") = "FitKitAPI", "..\FitKitAPI\FitKitAPI\FitKitAPI.csproj", "{3DE54E18-D8F2-4E21-AE90-87480D7E4D3F}"
EndProject
Global
	GlobalSection(SolutionConfigurationPlatforms) = preSolution
		Debug|Any CPU = Debug|Any CPU
		Release|Any CPU = Release|Any CPU
	EndGlobalSection
	GlobalSection(ProjectConfigurationPlatforms) = postSolution
		{64B968DA-8A93-478D-A195-98081F52C297}.Debug|Any CPU.ActiveCfg = Debug|Any CPU
		{64B968DA-8A93-478D-A195-98081F52C297}.Debug|Any CPU.Build.0 = Debug|Any CPU
		{64B968DA-8A93-478D-A195-98081F52C297}.Release|Any CPU.ActiveCfg = Release|Any CPU
		{64B968DA-8A93-478D-A195-98081F52C297}.Release|Any CPU.Build.0 = Release|Any CPU
		{3DE54E18-D8F2-4E21-AE90-87480D7E4D3F}.Debug|Any CPU.ActiveCfg = Debug|Any CPU
		{3DE54E18-D8F2-4E21-AE90-87480D7E4D3F}.Debug|Any CPU.Build.0 = Debug|Any CPU
		{3DE54E18-D8F2-4E21-AE90-87480D7E4D3F}.Release|Any CPU.ActiveCfg = Release|Any CPU
		{3DE54E18-D8F2-4E21-AE90-87480D7E4D3F}.Release|Any CPU.Build.0 = Release|Any CPU
	EndGlobalSection
	GlobalSection(SolutionProperties) = preSolution
		HideSolutionNode = FALSE
	EndGlobalSection
	GlobalSection(ExtensibilityGlobals) = postSolution
		SolutionGuid = {8CD73225-52A7-4287-BECB-CAD8B7735041}
	EndGlobalSection
EndGlobal
