
Microsoft Visual Studio Solution File, Format Version 12.00
# Visual Studio Version 17
VisualStudioVersion = 17.8.34525.116
MinimumVisualStudioVersion = 10.0.40219.1
Project("{FAE04EC0-301F-11D3-BF4B-00C04F79EFBC}") = "WindowsFormsApp3", "WindowsFormsApp3\WindowsFormsApp3.csproj", "{D71CF7EC-6096-4971-8529-D64545E0EAB0}"
EndProject
Global
	GlobalSection(SolutionConfigurationPlatforms) = preSolution
		Debug|Any CPU = Debug|Any CPU
		Release|Any CPU = Release|Any CPU
	EndGlobalSection
	GlobalSection(ProjectConfigurationPlatforms) = postSolution
		{D71CF7EC-6096-4971-8529-D64545E0EAB0}.Debug|Any CPU.ActiveCfg = Debug|Any CPU
		{D71CF7EC-6096-4971-8529-D64545E0EAB0}.Debug|Any CPU.Build.0 = Debug|Any CPU
		{D71CF7EC-6096-4971-8529-D64545E0EAB0}.Release|Any CPU.ActiveCfg = Release|Any CPU
		{D71CF7EC-6096-4971-8529-D64545E0EAB0}.Release|Any CPU.Build.0 = Release|Any CPU
	EndGlobalSection
	GlobalSection(SolutionProperties) = preSolution
		HideSolutionNode = FALSE
	EndGlobalSection
	GlobalSection(ExtensibilityGlobals) = postSolution
		SolutionGuid = {08C834EB-64A3-4A20-BCA5-D38FEF3FCAD0}
	EndGlobalSection
EndGlobal
